// !$*UTF8*$!
{
	archiveVersion = 1;
	classes = {
	};
	objectVersion = 46;
	objects = {

/* Begin PBXBuildFile section */
		B8E9D7AE1BFDC6F20013DBE1 /* main.m in Sources */ = {isa = PBXBuildFile; fileRef = B8E9D7AD1BFDC6F20013DBE1 /* main.m */; };
		B8E9D7B11BFDC6F20013DBE1 /* AppDelegate.m in Sources */ = {isa = PBXBuildFile; fileRef = B8E9D7B01BFDC6F20013DBE1 /* AppDelegate.m */; };
		B8E9D7B41BFDC6F20013DBE1 /* ViewController.m in Sources */ = {isa = PBXBuildFile; fileRef = B8E9D7B31BFDC6F20013DBE1 /* ViewController.m */; };
		B8E9D7B71BFDC6F20013DBE1 /* Main.storyboard in Resources */ = {isa = PBXBuildFile; fileRef = B8E9D7B51BFDC6F20013DBE1 /* Main.storyboard */; };
		B8E9D7B91BFDC6F20013DBE1 /* Assets.xcassets in Resources */ = {isa = PBXBuildFile; fileRef = B8E9D7B81BFDC6F20013DBE1 /* Assets.xcassets */; };
		B8E9D7BC1BFDC6F20013DBE1 /* LaunchScreen.storyboard in Resources */ = {isa = PBXBuildFile; fileRef = B8E9D7BA1BFDC6F20013DBE1 /* LaunchScreen.storyboard */; };
		B8E9D7C71BFDC6F20013DBE1 /* GD_ZheXianTuTests.m in Sources */ = {isa = PBXBuildFile; fileRef = B8E9D7C61BFDC6F20013DBE1 /* GD_ZheXianTuTests.m */; };
		B8E9D7D21BFDC6F20013DBE1 /* GD_ZheXianTuUITests.m in Sources */ = {isa = PBXBuildFile; fileRef = B8E9D7D11BFDC6F20013DBE1 /* GD_ZheXianTuUITests.m */; };
		B8E9D7E01BFDD14C0013DBE1 /* CoreGraphics.framework in Frameworks */ = {isa = PBXBuildFile; fileRef = B8E9D7DF1BFDD14C0013DBE1 /* CoreGraphics.framework */; };
		B8E9D7E61BFDD32B0013DBE1 /* Line.m in Sources */ = {isa = PBXBuildFile; fileRef = B8E9D7E51BFDD32B0013DBE1 /* Line.m */; };
		B8E9D7E91BFDD80B0013DBE1 /* VerticalLine.m in Sources */ = {isa = PBXBuildFile; fileRef = B8E9D7E81BFDD80B0013DBE1 /* VerticalLine.m */; };
		B8E9D7EC1BFDE5160013DBE1 /* ZhexianTu.m in Sources */ = {isa = PBXBuildFile; fileRef = B8E9D7EB1BFDE5160013DBE1 /* ZhexianTu.m */; };
		B8E9D7EE1BFE01C00013DBE1 /* icon.png in Resources */ = {isa = PBXBuildFile; fileRef = B8E9D7ED1BFE01C00013DBE1 /* icon.png */; };
/* End PBXBuildFile section */

/* Begin PBXContainerItemProxy section */
		B8E9D7C31BFDC6F20013DBE1 /* PBXContainerItemProxy */ = {
			isa = PBXContainerItemProxy;
			containerPortal = B8E9D7A11BFDC6F20013DBE1 /* Project object */;
			proxyType = 1;
			remoteGlobalIDString = B8E9D7A81BFDC6F20013DBE1;
			remoteInfo = GD_ZheXianTu;
		};
		B8E9D7CE1BFDC6F20013DBE1 /* PBXContainerItemProxy */ = {
			isa = PBXContainerItemProxy;
			containerPortal = B8E9D7A11BFDC6F20013DBE1 /* Project object */;
			proxyType = 1;
			remoteGlobalIDString = B8E9D7A81BFDC6F20013DBE1;
			remoteInfo = GD_ZheXianTu;
		};
/* End PBXContainerItemProxy section */

/* Begin PBXFileReference section */
		B8E9D7A91BFDC6F20013DBE1 /* GD_ZheXianTu.app */ = {isa = PBXFileReference; explicitFileType = wrapper.application; includeInIndex = 0; path = GD_ZheXianTu.app; sourceTree = BUILT_PRODUCTS_DIR; };
		B8E9D7AD1BFDC6F20013DBE1 /* main.m */ = {isa = PBXFileReference; lastKnownFileType = sourcecode.c.objc; path = main.m; sourceTree = "<group>"; };
		B8E9D7AF1BFDC6F20013DBE1 /* AppDelegate.h */ = {isa = PBXFileReference; lastKnownFileType = sourcecode.c.h; path = AppDelegate.h; sourceTree = "<group>"; };
		B8E9D7B01BFDC6F20013DBE1 /* AppDelegate.m */ = {isa = PBXFileReference; lastKnownFileType = sourcecode.c.objc; path = AppDelegate.m; sourceTree = "<group>"; };
		B8E9D7B21BFDC6F20013DBE1 /* ViewController.h */ = {isa = PBXFileReference; lastKnownFileType = sourcecode.c.h; path = ViewController.h; sourceTree = "<group>"; };
		B8E9D7B31BFDC6F20013DBE1 /* ViewController.m */ = {isa = PBXFileReference; lastKnownFileType = sourcecode.c.objc; path = ViewController.m; sourceTree = "<group>"; };
		B8E9D7B61BFDC6F20013DBE1 /* Base */ = {isa = PBXFileReference; lastKnownFileType = file.storyboard; name = Base; path = Base.lproj/Main.storyboard; sourceTree = "<group>"; };
		B8E9D7B81BFDC6F20013DBE1 /* Assets.xcassets */ = {isa = PBXFileReference; lastKnownFileType = folder.assetcatalog; path = Assets.xcassets; sourceTree = "<group>"; };
		B8E9D7BB1BFDC6F20013DBE1 /* Base */ = {isa = PBXFileReference; lastKnownFileType = file.storyboard; name = Base; path = Base.lproj/LaunchScreen.storyboard; sourceTree = "<group>"; };
		B8E9D7BD1BFDC6F20013DBE1 /* Info.plist */ = {isa = PBXFileReference; lastKnownFileType = text.plist.xml; path = Info.plist; sourceTree = "<group>"; };
		B8E9D7C21BFDC6F20013DBE1 /* GD_ZheXianTuTests.xctest */ = {isa = PBXFileReference; explicitFileType = wrapper.cfbundle; includeInIndex = 0; path = GD_ZheXianTuTests.xctest; sourceTree = BUILT_PRODUCTS_DIR; };
		B8E9D7C61BFDC6F20013DBE1 /* GD_ZheXianTuTests.m */ = {isa = PBXFileReference; lastKnownFileType = sourcecode.c.objc; path = GD_ZheXianTuTests.m; sourceTree = "<group>"; };
		B8E9D7C81BFDC6F20013DBE1 /* Info.plist */ = {isa = PBXFileReference; lastKnownFileType = text.plist.xml; path = Info.plist; sourceTree = "<group>"; };
		B8E9D7CD1BFDC6F20013DBE1 /* GD_ZheXianTuUITests.xctest */ = {isa = PBXFileReference; explicitFileType = wrapper.cfbundle; includeInIndex = 0; path = GD_ZheXianTuUITests.xctest; sourceTree = BUILT_PRODUCTS_DIR; };
		B8E9D7D11BFDC6F20013DBE1 /* GD_ZheXianTuUITests.m */ = {isa = PBXFileReference; lastKnownFileType = sourcecode.c.objc; path = GD_ZheXianTuUITests.m; sourceTree = "<group>"; };
		B8E9D7D31BFDC6F20013DBE1 /* Info.plist */ = {isa = PBXFileReference; lastKnownFileType = text.plist.xml; path = Info.plist; sourceTree = "<group>"; };
		B8E9D7DF1BFDD14C0013DBE1 /* CoreGraphics.framework */ = {isa = PBXFileReference; lastKnownFileType = wrapper.framework; name = CoreGraphics.framework; path = System/Library/Frameworks/CoreGraphics.framework; sourceTree = SDKROOT; };
		B8E9D7E41BFDD32B0013DBE1 /* Line.h */ = {isa = PBXFileReference; fileEncoding = 4; lastKnownFileType = sourcecode.c.h; path = Line.h; sourceTree = "<group>"; };
		B8E9D7E51BFDD32B0013DBE1 /* Line.m */ = {isa = PBXFileReference; fileEncoding = 4; lastKnownFileType = sourcecode.c.objc; path = Line.m; sourceTree = "<group>"; };
		B8E9D7E71BFDD80B0013DBE1 /* VerticalLine.h */ = {isa = PBXFileReference; fileEncoding = 4; lastKnownFileType = sourcecode.c.h; path = VerticalLine.h; sourceTree = "<group>"; };
		B8E9D7E81BFDD80B0013DBE1 /* VerticalLine.m */ = {isa = PBXFileReference; fileEncoding = 4; lastKnownFileType = sourcecode.c.objc; path = VerticalLine.m; sourceTree = "<group>"; };
		B8E9D7EA1BFDE5160013DBE1 /* ZhexianTu.h */ = {isa = PBXFileReference; fileEncoding = 4; lastKnownFileType = sourcecode.c.h; path = ZhexianTu.h; sourceTree = "<group>"; };
		B8E9D7EB1BFDE5160013DBE1 /* ZhexianTu.m */ = {isa = PBXFileReference; fileEncoding = 4; lastKnownFileType = sourcecode.c.objc; path = ZhexianTu.m; sourceTree = "<group>"; };
		B8E9D7ED1BFE01C00013DBE1 /* icon.png */ = {isa = PBXFileReference; lastKnownFileType = image.png; path = icon.png; sourceTree = "<group>"; };
/* End PBXFileReference section */

/* Begin PBXFrameworksBuildPhase section */
		B8E9D7A61BFDC6F20013DBE1 /* Frameworks */ = {
			isa = PBXFrameworksBuildPhase;
			buildActionMask = 2147483647;
			files = (
				B8E9D7E01BFDD14C0013DBE1 /* CoreGraphics.framework in Frameworks */,
			);
			runOnlyForDeploymentPostprocessing = 0;
		};
		B8E9D7BF1BFDC6F20013DBE1 /* Frameworks */ = {
			isa = PBXFrameworksBuildPhase;
			buildActionMask = 2147483647;
			files = (
			);
			runOnlyForDeploymentPostprocessing = 0;
		};
		B8E9D7CA1BFDC6F20013DBE1 /* Frameworks */ = {
			isa = PBXFrameworksBuildPhase;
			buildActionMask = 2147483647;
			files = (
			);
			runOnlyForDeploymentPostprocessing = 0;
		};
/* End PBXFrameworksBuildPhase section */

/* Begin PBXGroup section */
		B8E9D7A01BFDC6F20013DBE1 = {
			isa = PBXGroup;
			children = (
				B8E9D7DF1BFDD14C0013DBE1 /* CoreGraphics.framework */,
				B8E9D7AB1BFDC6F20013DBE1 /* GD_ZheXianTu */,
				B8E9D7C51BFDC6F20013DBE1 /* GD_ZheXianTuTests */,
				B8E9D7D01BFDC6F20013DBE1 /* GD_ZheXianTuUITests */,
				B8E9D7AA1BFDC6F20013DBE1 /* Products */,
			);
			sourceTree = "<group>";
		};
		B8E9D7AA1BFDC6F20013DBE1 /* Products */ = {
			isa = PBXGroup;
			children = (
				B8E9D7A91BFDC6F20013DBE1 /* GD_ZheXianTu.app */,
				B8E9D7C21BFDC6F20013DBE1 /* GD_ZheXianTuTests.xctest */,
				B8E9D7CD1BFDC6F20013DBE1 /* GD_ZheXianTuUITests.xctest */,
			);
			name = Products;
			sourceTree = "<group>";
		};
		B8E9D7AB1BFDC6F20013DBE1 /* GD_ZheXianTu */ = {
			isa = PBXGroup;
			children = (
				B8E9D7ED1BFE01C00013DBE1 /* icon.png */,
				B8E9D7AF1BFDC6F20013DBE1 /* AppDelegate.h */,
				B8E9D7B01BFDC6F20013DBE1 /* AppDelegate.m */,
				B8E9D7B21BFDC6F20013DBE1 /* ViewController.h */,
				B8E9D7B31BFDC6F20013DBE1 /* ViewController.m */,
				B8E9D7EA1BFDE5160013DBE1 /* ZhexianTu.h */,
				B8E9D7EB1BFDE5160013DBE1 /* ZhexianTu.m */,
				B8E9D7E41BFDD32B0013DBE1 /* Line.h */,
				B8E9D7E51BFDD32B0013DBE1 /* Line.m */,
				B8E9D7E71BFDD80B0013DBE1 /* VerticalLine.h */,
				B8E9D7E81BFDD80B0013DBE1 /* VerticalLine.m */,
				B8E9D7B51BFDC6F20013DBE1 /* Main.storyboard */,
				B8E9D7B81BFDC6F20013DBE1 /* Assets.xcassets */,
				B8E9D7BA1BFDC6F20013DBE1 /* LaunchScreen.storyboard */,
				B8E9D7BD1BFDC6F20013DBE1 /* Info.plist */,
				B8E9D7AC1BFDC6F20013DBE1 /* Supporting Files */,
			);
			path = GD_ZheXianTu;
			sourceTree = "<group>";
		};
		B8E9D7AC1BFDC6F20013DBE1 /* Supporting Files */ = {
			isa = PBXGroup;
			children = (
				B8E9D7AD1BFDC6F20013DBE1 /* main.m */,
			);
			name = "Supporting Files";
			sourceTree = "<group>";
		};
		B8E9D7C51BFDC6F20013DBE1 /* GD_ZheXianTuTests */ = {
			isa = PBXGroup;
			children = (
				B8E9D7C61BFDC6F20013DBE1 /* GD_ZheXianTuTests.m */,
				B8E9D7C81BFDC6F20013DBE1 /* Info.plist */,
			);
			path = GD_ZheXianTuTests;
			sourceTree = "<group>";
		};
		B8E9D7D01BFDC6F20013DBE1 /* GD_ZheXianTuUITests */ = {
			isa = PBXGroup;
			children = (
				B8E9D7D11BFDC6F20013DBE1 /* GD_ZheXianTuUITests.m */,
				B8E9D7D31BFDC6F20013DBE1 /* Info.plist */,
			);
			path = GD_ZheXianTuUITests;
			sourceTree = "<group>";
		};
/* End PBXGroup section */

/* Begin PBXNativeTarget section */
		B8E9D7A81BFDC6F20013DBE1 /* GD_ZheXianTu */ = {
			isa = PBXNativeTarget;
			buildConfigurationList = B8E9D7D61BFDC6F20013DBE1 /* Build configuration list for PBXNativeTarget "GD_ZheXianTu" */;
			buildPhases = (
				B8E9D7A51BFDC6F20013DBE1 /* Sources */,
				B8E9D7A61BFDC6F20013DBE1 /* Frameworks */,
				B8E9D7A71BFDC6F20013DBE1 /* Resources */,
			);
			buildRules = (
			);
			dependencies = (
			);
			name = GD_ZheXianTu;
			productName = GD_ZheXianTu;
			productReference = B8E9D7A91BFDC6F20013DBE1 /* GD_ZheXianTu.app */;
			productType = "com.apple.product-type.application";
		};
		B8E9D7C11BFDC6F20013DBE1 /* GD_ZheXianTuTests */ = {
			isa = PBXNativeTarget;
			buildConfigurationList = B8E9D7D91BFDC6F20013DBE1 /* Build configuration list for PBXNativeTarget "GD_ZheXianTuTests" */;
			buildPhases = (
				B8E9D7BE1BFDC6F20013DBE1 /* Sources */,
				B8E9D7BF1BFDC6F20013DBE1 /* Frameworks */,
				B8E9D7C01BFDC6F20013DBE1 /* Resources */,
			);
			buildRules = (
			);
			dependencies = (
				B8E9D7C41BFDC6F20013DBE1 /* PBXTargetDependency */,
			);
			name = GD_ZheXianTuTests;
			productName = GD_ZheXianTuTests;
			productReference = B8E9D7C21BFDC6F20013DBE1 /* GD_ZheXianTuTests.xctest */;
			productType = "com.apple.product-type.bundle.unit-test";
		};
		B8E9D7CC1BFDC6F20013DBE1 /* GD_ZheXianTuUITests */ = {
			isa = PBXNativeTarget;
			buildConfigurationList = B8E9D7DC1BFDC6F20013DBE1 /* Build configuration list for PBXNativeTarget "GD_ZheXianTuUITests" */;
			buildPhases = (
				B8E9D7C91BFDC6F20013DBE1 /* Sources */,
				B8E9D7CA1BFDC6F20013DBE1 /* Frameworks */,
				B8E9D7CB1BFDC6F20013DBE1 /* Resources */,
			);
			buildRules = (
			);
			dependencies = (
				B8E9D7CF1BFDC6F20013DBE1 /* PBXTargetDependency */,
			);
			name = GD_ZheXianTuUITests;
			productName = GD_ZheXianTuUITests;
			productReference = B8E9D7CD1BFDC6F20013DBE1 /* GD_ZheXianTuUITests.xctest */;
			productType = "com.apple.product-type.bundle.ui-testing";
		};
/* End PBXNativeTarget section */

/* Begin PBXProject section */
		B8E9D7A11BFDC6F20013DBE1 /* Project object */ = {
			isa = PBXProject;
			attributes = {
				LastUpgradeCheck = 0710;
				ORGANIZATIONNAME = guoda;
				TargetAttributes = {
					B8E9D7A81BFDC6F20013DBE1 = {
						CreatedOnToolsVersion = 7.1;
					};
					B8E9D7C11BFDC6F20013DBE1 = {
						CreatedOnToolsVersion = 7.1;
						TestTargetID = B8E9D7A81BFDC6F20013DBE1;
					};
					B8E9D7CC1BFDC6F20013DBE1 = {
						CreatedOnToolsVersion = 7.1;
						TestTargetID = B8E9D7A81BFDC6F20013DBE1;
					};
				};
			};
			buildConfigurationList = B8E9D7A41BFDC6F20013DBE1 /* Build configuration list for PBXProject "GD_ZheXianTu" */;
			compatibilityVersion = "Xcode 3.2";
			developmentRegion = English;
			hasScannedForEncodings = 0;
			knownRegions = (
				en,
				Base,
			);
			mainGroup = B8E9D7A01BFDC6F20013DBE1;
			productRefGroup = B8E9D7AA1BFDC6F20013DBE1 /* Products */;
			projectDirPath = "";
			projectRoot = "";
			targets = (
				B8E9D7A81BFDC6F20013DBE1 /* GD_ZheXianTu */,
				B8E9D7C11BFDC6F20013DBE1 /* GD_ZheXianTuTests */,
				B8E9D7CC1BFDC6F20013DBE1 /* GD_ZheXianTuUITests */,
			);
		};
/* End PBXProject section */

/* Begin PBXResourcesBuildPhase section */
		B8E9D7A71BFDC6F20013DBE1 /* Resources */ = {
			isa = PBXResourcesBuildPhase;
			buildActionMask = 2147483647;
			files = (
				B8E9D7EE1BFE01C00013DBE1 /* icon.png in Resources */,
				B8E9D7BC1BFDC6F20013DBE1 /* LaunchScreen.storyboard in Resources */,
				B8E9D7B91BFDC6F20013DBE1 /* Assets.xcassets in Resources */,
				B8E9D7B71BFDC6F20013DBE1 /* Main.storyboard in Resources */,
			);
			runOnlyForDeploymentPostprocessing = 0;
		};
		B8E9D7C01BFDC6F20013DBE1 /* Resources */ = {
			isa = PBXResourcesBuildPhase;
			buildActionMask = 2147483647;
			files = (
			);
			runOnlyForDeploymentPostprocessing = 0;
		};
		B8E9D7CB1BFDC6F20013DBE1 /* Resources */ = {
			isa = PBXResourcesBuildPhase;
			buildActionMask = 2147483647;
			files = (
			);
			runOnlyForDeploymentPostprocessing = 0;
		};
/* End PBXResourcesBuildPhase section */

/* Begin PBXSourcesBuildPhase section */
		B8E9D7A51BFDC6F20013DBE1 /* Sources */ = {
			isa = PBXSourcesBuildPhase;
			buildActionMask = 2147483647;
			files = (
				B8E9D7B41BFDC6F20013DBE1 /* ViewController.m in Sources */,
				B8E9D7E61BFDD32B0013DBE1 /* Line.m in Sources */,
				B8E9D7EC1BFDE5160013DBE1 /* ZhexianTu.m in Sources */,
				B8E9D7B11BFDC6F20013DBE1 /* AppDelegate.m in Sources */,
				B8E9D7AE1BFDC6F20013DBE1 /* main.m in Sources */,
				B8E9D7E91BFDD80B0013DBE1 /* VerticalLine.m in Sources */,
			);
			runOnlyForDeploymentPostprocessing = 0;
		};
		B8E9D7BE1BFDC6F20013DBE1 /* Sources */ = {
			isa = PBXSourcesBuildPhase;
			buildActionMask = 2147483647;
			files = (
				B8E9D7C71BFDC6F20013DBE1 /* GD_ZheXianTuTests.m in Sources */,
			);
			runOnlyForDeploymentPostprocessing = 0;
		};
		B8E9D7C91BFDC6F20013DBE1 /* Sources */ = {
			isa = PBXSourcesBuildPhase;
			buildActionMask = 2147483647;
			files = (
				B8E9D7D21BFDC6F20013DBE1 /* GD_ZheXianTuUITests.m in Sources */,
			);
			runOnlyForDeploymentPostprocessing = 0;
		};
/* End PBXSourcesBuildPhase section */

/* Begin PBXTargetDependency section */
		B8E9D7C41BFDC6F20013DBE1 /* PBXTargetDependency */ = {
			isa = PBXTargetDependency;
			target = B8E9D7A81BFDC6F20013DBE1 /* GD_ZheXianTu */;
			targetProxy = B8E9D7C31BFDC6F20013DBE1 /* PBXContainerItemProxy */;
		};
		B8E9D7CF1BFDC6F20013DBE1 /* PBXTargetDependency */ = {
			isa = PBXTargetDependency;
			target = B8E9D7A81BFDC6F20013DBE1 /* GD_ZheXianTu */;
			targetProxy = B8E9D7CE1BFDC6F20013DBE1 /* PBXContainerItemProxy */;
		};
/* End PBXTargetDependency section */

/* Begin PBXVariantGroup section */
		B8E9D7B51BFDC6F20013DBE1 /* Main.storyboard */ = {
			isa = PBXVariantGroup;
			children = (
				B8E9D7B61BFDC6F20013DBE1 /* Base */,
			);
			name = Main.storyboard;
			sourceTree = "<group>";
		};
		B8E9D7BA1BFDC6F20013DBE1 /* LaunchScreen.storyboard */ = {
			isa = PBXVariantGroup;
			children = (
				B8E9D7BB1BFDC6F20013DBE1 /* Base */,
			);
			name = LaunchScreen.storyboard;
			sourceTree = "<group>";
		};
/* End PBXVariantGroup section */

/* Begin XCBuildConfiguration section */
		B8E9D7D41BFDC6F20013DBE1 /* Debug */ = {
			isa = XCBuildConfiguration;
			buildSettings = {
				ALWAYS_SEARCH_USER_PATHS = NO;
				CLANG_CXX_LANGUAGE_STANDARD = "gnu++0x";
				CLANG_CXX_LIBRARY = "libc++";
				CLANG_ENABLE_MODULES = YES;
				CLANG_ENABLE_OBJC_ARC = YES;
				CLANG_WARN_BOOL_CONVERSION = YES;
				CLANG_WARN_CONSTANT_CONVERSION = YES;
				CLANG_WARN_DIRECT_OBJC_ISA_USAGE = YES_ERROR;
				CLANG_WARN_EMPTY_BODY = YES;
				CLANG_WARN_ENUM_CONVERSION = YES;
				CLANG_WARN_INT_CONVERSION = YES;
				CLANG_WARN_OBJC_ROOT_CLASS = YES_ERROR;
				CLANG_WARN_UNREACHABLE_CODE = YES;
				CLANG_WARN__DUPLICATE_METHOD_MATCH = YES;
				"CODE_SIGN_IDENTITY[sdk=iphoneos*]" = "iPhone Developer";
				COPY_PHASE_STRIP = NO;
				DEBUG_INFORMATION_FORMAT = dwarf;
				ENABLE_STRICT_OBJC_MSGSEND = YES;
				ENABLE_TESTABILITY = YES;
				GCC_C_LANGUAGE_STANDARD = gnu99;
				GCC_DYNAMIC_NO_PIC = NO;
				GCC_NO_COMMON_BLOCKS = YES;
				GCC_OPTIMIZATION_LEVEL = 0;
				GCC_PREPROCESSOR_DEFINITIONS = (
					"DEBUG=1",
					"$(inherited)",
				);
				GCC_WARN_64_TO_32_BIT_CONVERSION = YES;
				GCC_WARN_ABOUT_RETURN_TYPE = YES_ERROR;
				GCC_WARN_UNDECLARED_SELECTOR = YES;
				GCC_WARN_UNINITIALIZED_AUTOS = YES_AGGRESSIVE;
				GCC_WARN_UNUSED_FUNCTION = YES;
				GCC_WARN_UNUSED_VARIABLE = YES;
				IPHONEOS_DEPLOYMENT_TARGET = 9.1;
				MTL_ENABLE_DEBUG_INFO = YES;
				ONLY_ACTIVE_ARCH = YES;
				SDKROOT = iphoneos;
			};
			name = Debug;
		};
		B8E9D7D51BFDC6F20013DBE1 /* Release */ = {
			isa = XCBuildConfiguration;
			buildSettings = {
				ALWAYS_SEARCH_USER_PATHS = NO;
				CLANG_CXX_LANGUAGE_STANDARD = "gnu++0x";
				CLANG_CXX_LIBRARY = "libc++";
				CLANG_ENABLE_MODULES = YES;
				CLANG_ENABLE_OBJC_ARC = YES;
				CLANG_WARN_BOOL_CONVERSION = YES;
				CLANG_WARN_CONSTANT_CONVERSION = YES;
				CLANG_WARN_DIRECT_OBJC_ISA_USAGE = YES_ERROR;
				CLANG_WARN_EMPTY_BODY = YES;
				CLANG_WARN_ENUM_CONVERSION = YES;
				CLANG_WARN_INT_CONVERSION = YES;
				CLANG_WARN_OBJC_ROOT_CLASS = YES_ERROR;
				CLANG_WARN_UNREACHABLE_CODE = YES;
				CLANG_WARN__DUPLICATE_METHOD_MATCH = YES;
				"CODE_SIGN_IDENTITY[sdk=iphoneos*]" = "iPhone Developer";
				COPY_PHASE_STRIP = NO;
				DEBUG_INFORMATION_FORMAT = "dwarf-with-dsym";
				ENABLE_NS_ASSERTIONS = NO;
				ENABLE_STRICT_OBJC_MSGSEND = YES;
				GCC_C_LANGUAGE_STANDARD = gnu99;
				GCC_NO_COMMON_BLOCKS = YES;
				GCC_WARN_64_TO_32_BIT_CONVERSION = YES;
				GCC_WARN_ABOUT_RETURN_TYPE = YES_ERROR;
				GCC_WARN_UNDECLARED_SELECTOR = YES;
				GCC_WARN_UNINITIALIZED_AUTOS = YES_AGGRESSIVE;
				GCC_WARN_UNUSED_FUNCTION = YES;
				GCC_WARN_UNUSED_VARIABLE = YES;
				IPHONEOS_DEPLOYMENT_TARGET = 9.1;
				MTL_ENABLE_DEBUG_INFO = NO;
				SDKROOT = iphoneos;
				VALIDATE_PRODUCT = YES;
			};
			name = Release;
		};
		B8E9D7D71BFDC6F20013DBE1 /* Debug */ = {
			isa = XCBuildConfiguration;
			buildSettings = {
				ASSETCATALOG_COMPILER_APPICON_NAME = AppIcon;
				INFOPLIST_FILE = GD_ZheXianTu/Info.plist;
				IPHONEOS_DEPLOYMENT_TARGET = 9.0;
				LD_RUNPATH_SEARCH_PATHS = "$(inherited) @executable_path/Frameworks";
				PRODUCT_BUNDLE_IDENTIFIER = "www.chaui.cn.GD-ZheXianTu";
				PRODUCT_NAME = "$(TARGET_NAME)";
			};
			name = Debug;
		};
		B8E9D7D81BFDC6F20013DBE1 /* Release */ = {
			isa = XCBuildConfiguration;
			buildSettings = {
				ASSETCATALOG_COMPILER_APPICON_NAME = AppIcon;
				INFOPLIST_FILE = GD_ZheXianTu/Info.plist;
				IPHONEOS_DEPLOYMENT_TARGET = 9.0;
				LD_RUNPATH_SEARCH_PATHS = "$(inherited) @executable_path/Frameworks";
				PRODUCT_BUNDLE_IDENTIFIER = "www.chaui.cn.GD-ZheXianTu";
				PRODUCT_NAME = "$(TARGET_NAME)";
			};
			name = Release;
		};
		B8E9D7DA1BFDC6F20013DBE1 /* Debug */ = {
			isa = XCBuildConfiguration;
			buildSettings = {
				BUNDLE_LOADER = "$(TEST_HOST)";
				INFOPLIST_FILE = GD_ZheXianTuTests/Info.plist;
				LD_RUNPATH_SEARCH_PATHS = "$(inherited) @executable_path/Frameworks @loader_path/Frameworks";
				PRODUCT_BUNDLE_IDENTIFIER = "www.chaui.cn.GD-ZheXianTuTests";
				PRODUCT_NAME = "$(TARGET_NAME)";
				TEST_HOST = "$(BUILT_PRODUCTS_DIR)/GD_ZheXianTu.app/GD_ZheXianTu";
			};
			name = Debug;
		};
		B8E9D7DB1BFDC6F20013DBE1 /* Release */ = {
			isa = XCBuildConfiguration;
			buildSettings = {
				BUNDLE_LOADER = "$(TEST_HOST)";
				INFOPLIST_FILE = GD_ZheXianTuTests/Info.plist;
				LD_RUNPATH_SEARCH_PATHS = "$(inherited) @executable_path/Frameworks @loader_path/Frameworks";
				PRODUCT_BUNDLE_IDENTIFIER = "www.chaui.cn.GD-ZheXianTuTests";
				PRODUCT_NAME = "$(TARGET_NAME)";
				TEST_HOST = "$(BUILT_PRODUCTS_DIR)/GD_ZheXianTu.app/GD_ZheXianTu";
			};
			name = Release;
		};
		B8E9D7DD1BFDC6F20013DBE1 /* Debug */ = {
			isa = XCBuildConfiguration;
			buildSettings = {
				INFOPLIST_FILE = GD_ZheXianTuUITests/Info.plist;
				LD_RUNPATH_SEARCH_PATHS = "$(inherited) @executable_path/Frameworks @loader_path/Frameworks";
				PRODUCT_BUNDLE_IDENTIFIER = "www.chaui.cn.GD-ZheXianTuUITests";
				PRODUCT_NAME = "$(TARGET_NAME)";
				TEST_TARGET_NAME = GD_ZheXianTu;
				USES_XCTRUNNER = YES;
			};
			name = Debug;
		};
		B8E9D7DE1BFDC6F20013DBE1 /* Release */ = {
			isa = XCBuildConfiguration;
			buildSettings = {
				INFOPLIST_FILE = GD_ZheXianTuUITests/Info.plist;
				LD_RUNPATH_SEARCH_PATHS = "$(inherited) @executable_path/Frameworks @loader_path/Frameworks";
				PRODUCT_BUNDLE_IDENTIFIER = "www.chaui.cn.GD-ZheXianTuUITests";
				PRODUCT_NAME = "$(TARGET_NAME)";
				TEST_TARGET_NAME = GD_ZheXianTu;
				USES_XCTRUNNER = YES;
			};
			name = Release;
		};
/* End XCBuildConfiguration section */

/* Begin XCConfigurationList section */
		B8E9D7A41BFDC6F20013DBE1 /* Build configuration list for PBXProject "GD_ZheXianTu" */ = {
			isa = XCConfigurationList;
			buildConfigurations = (
				B8E9D7D41BFDC6F20013DBE1 /* Debug */,
				B8E9D7D51BFDC6F20013DBE1 /* Release */,
			);
			defaultConfigurationIsVisible = 0;
			defaultConfigurationName = Release;
		};
		B8E9D7D61BFDC6F20013DBE1 /* Build configuration list for PBXNativeTarget "GD_ZheXianTu" */ = {
			isa = XCConfigurationList;
			buildConfigurations = (
				B8E9D7D71BFDC6F20013DBE1 /* Debug */,
				B8E9D7D81BFDC6F20013DBE1 /* Release */,
			);
			defaultConfigurationIsVisible = 0;
		};
		B8E9D7D91BFDC6F20013DBE1 /* Build configuration list for PBXNativeTarget "GD_ZheXianTuTests" */ = {
			isa = XCConfigurationList;
			buildConfigurations = (
				B8E9D7DA1BFDC6F20013DBE1 /* Debug */,
				B8E9D7DB1BFDC6F20013DBE1 /* Release */,
			);
			defaultConfigurationIsVisible = 0;
		};
		B8E9D7DC1BFDC6F20013DBE1 /* Build configuration list for PBXNativeTarget "GD_ZheXianTuUITests" */ = {
			isa = XCConfigurationList;
			buildConfigurations = (
				B8E9D7DD1BFDC6F20013DBE1 /* Debug */,
				B8E9D7DE1BFDC6F20013DBE1 /* Release */,
			);
			defaultConfigurationIsVisible = 0;
		};
/* End XCConfigurationList section */
	};
	rootObject = B8E9D7A11BFDC6F20013DBE1 /* Project object */;
}
